# This file is generated by running "yarn install" inside your project.
# Manual changes might be lost - proceed with caution!

__metadata:
  version: 8
  cacheKey: 10c0

"@types/bun@npm:latest":
  version: 1.1.11
  resolution: "@types/bun@npm:1.1.11"
  dependencies:
    bun-types: "npm:1.1.30"
  checksum: 10c0/813e77fe93b7cf2c12427f5d6c3b840b0a24ee61fa3e7fbdbc216057c1f0e0619a21debdec9bbb8fb282cd44e604785877caff22316e528f4c989e055327a905
  languageName: node
  linkType: hard

"@types/node@npm:*":
  version: 22.7.5
  resolution: "@types/node@npm:22.7.5"
  dependencies:
    undici-types: "npm:~6.19.2"
  checksum: 10c0/cf11f74f1a26053ec58066616e3a8685b6bcd7259bc569738b8f752009f9f0f7f85a1b2d24908e5b0f752482d1e8b6babdf1fbb25758711ec7bb9500bfcd6e60
  languageName: node
  linkType: hard

"@types/node@npm:~20.12.8":
  version: 20.12.14
  resolution: "@types/node@npm:20.12.14"
  dependencies:
    undici-types: "npm:~5.26.4"
  checksum: 10c0/d6e383a09139efdedd91f4e8b584bb9b7537382d3dd276296a68b20a7819a562ae651efdd007a60036116f286b9c9a8a31af698f93b4024e569b0d129f293165
  languageName: node
  linkType: hard

"@types/ws@npm:~8.5.10":
  version: 8.5.12
  resolution: "@types/ws@npm:8.5.12"
  dependencies:
    "@types/node": "npm:*"
  checksum: 10c0/3fd77c9e4e05c24ce42bfc7647f7506b08c40a40fe2aea236ef6d4e96fc7cb4006a81ed1b28ec9c457e177a74a72924f4768b7b4652680b42dfd52bc380e15f9
  languageName: node
  linkType: hard

"bun-types@npm:1.1.30":
  version: 1.1.30
  resolution: "bun-types@npm:1.1.30"
  dependencies:
    "@types/node": "npm:~20.12.8"
    "@types/ws": "npm:~8.5.10"
  checksum: 10c0/5838f5cf86435c9ebda255074049127609af0af7bb74de5609092a7f703905c70e859348f7fa735c3364d6964a1fa0d76520bcb309c24b00cc5f32859b1df38b
  languageName: node
  linkType: hard

"undici-types@npm:~5.26.4":
  version: 5.26.5
  resolution: "undici-types@npm:5.26.5"
  checksum: 10c0/bb673d7876c2d411b6eb6c560e0c571eef4a01c1c19925175d16e3a30c4c428181fb8d7ae802a261f283e4166a0ac435e2f505743aa9e45d893f9a3df017b501
  languageName: node
  linkType: hard

"undici-types@npm:~6.19.2":
  version: 6.19.8
  resolution: "undici-types@npm:6.19.8"
  checksum: 10c0/078afa5990fba110f6824823ace86073b4638f1d5112ee26e790155f481f2a868cc3e0615505b6f4282bdf74a3d8caad715fd809e870c2bb0704e3ea6082f344
  languageName: node
  linkType: hard

"vercel-env@workspace:.":
  version: 0.0.0-use.local
  resolution: "vercel-env@workspace:."
  dependencies:
    "@types/bun": "npm:latest"
  peerDependencies:
    typescript: ^5.0.0
  languageName: unknown
  linkType: soft
